{
  "name": "boston-opendata-mcp-setup",
  "version": "1.2.6",
  "lockfileVersion": 3,
  "requires": true,
  "packages": {
    "": {
      "name": "boston-opendata-mcp-setup",
      "version": "1.2.6",
      "license": "MIT",
      "bin": {
        "boston-opendata-mcp-setup": "setup.js"
      }
    }
  }
}
